
Microsoft Visual Studio Solution File, Format Version 12.00
# Visual Studio Version 16
VisualStudioVersion = 16.0.31702.278
MinimumVisualStudioVersion = 10.0.40219.1
Project("{FAE04EC0-301F-11D3-BF4B-00C04F79EFBC}") = "ControleKitSala", "ControleKitSala\ControleKitSala.csproj", "{BB2F77EF-E2BC-4EC7-AE72-978D49BEE6DA}"
EndProject
Global
	GlobalSection(SolutionConfigurationPlatforms) = preSolution
		Debug|Any CPU = Debug|Any CPU
		Release|Any CPU = Release|Any CPU
	EndGlobalSection
	GlobalSection(ProjectConfigurationPlatforms) = postSolution
		{BB2F77EF-E2BC-4EC7-AE72-978D49BEE6DA}.Debug|Any CPU.ActiveCfg = Debug|Any CPU
		{BB2F77EF-E2BC-4EC7-AE72-978D49BEE6DA}.Debug|Any CPU.Build.0 = Debug|Any CPU
		{BB2F77EF-E2BC-4EC7-AE72-978D49BEE6DA}.Release|Any CPU.ActiveCfg = Release|Any CPU
		{BB2F77EF-E2BC-4EC7-AE72-978D49BEE6DA}.Release|Any CPU.Build.0 = Release|Any CPU
	EndGlobalSection
	GlobalSection(SolutionProperties) = preSolution
		HideSolutionNode = FALSE
	EndGlobalSection
	GlobalSection(ExtensibilityGlobals) = postSolution
		SolutionGuid = {73886C7E-A2E3-436C-9830-D000E409C4A3}
	EndGlobalSection
EndGlobal
